
Microsoft Visual Studio Solution File, Format Version 12.00
# Visual Studio Version 17
VisualStudioVersion = 17.8.34330.188
MinimumVisualStudioVersion = 10.0.40219.1
Project("{2150E333-8FDC-42A3-9474-1A3956D46DE8}") = "src", "src", "{1F253C40-620E-47A6-A85E-0F7EC1D33D3B}"
EndProject
Project("{2150E333-8FDC-42A3-9474-1A3956D46DE8}") = "deploy", "deploy", "{13ABF460-2024-4387-89C6-9DCE83BF78A6}"
EndProject
Project("{2150E333-8FDC-42A3-9474-1A3956D46DE8}") = "docker", "docker", "{09084241-ABFC-4AB6-933A-78E86D840DF2}"
	ProjectSection(SolutionItems) = preProject
		docker-compose-local.yml = docker-compose-local.yml
	EndProjectSection
EndProject
Project("{2150E333-8FDC-42A3-9474-1A3956D46DE8}") = "Presenter", "Presenter", "{467485EE-5951-4388-BE28-C9A08A150FE8}"
EndProject
Project("{2150E333-8FDC-42A3-9474-1A3956D46DE8}") = "Services", "Services", "{B790782A-FF16-4B8A-9993-23CC03C96503}"
EndProject
Project("{2150E333-8FDC-42A3-9474-1A3956D46DE8}") = "Commons", "Commons", "{ADA9D63D-AF53-4AAD-9A3C-49C95B373A36}"
EndProject
Project("{2150E333-8FDC-42A3-9474-1A3956D46DE8}") = "Hackaton", "Hackaton", "{B362D413-4175-4F96-BFA0-E4B072965787}"
EndProject
Project("{9A19103F-16F7-4668-BE54-9A1E7A4F7556}") = "HT.Core.Commons", "src\Shared\HT.Core.Commons\HT.Core.Commons.csproj", "{782DB0E3-9CF5-49C8-BA7D-7691C66A647A}"
EndProject
Project("{9A19103F-16F7-4668-BE54-9A1E7A4F7556}") = "HT.WebApi.Commons", "src\Shared\HT.WebApi.Commons\HT.WebApi.Commons.csproj", "{D603325F-219B-48D5-ACC3-B84EB95F4AA5}"
EndProject
Project("{9A19103F-16F7-4668-BE54-9A1E7A4F7556}") = "HT.Api", "src\Presentation\HT.Api\HT.Api.csproj", "{05FE6C41-B137-4FF0-8E20-9F5970757F33}"
EndProject
Project("{9A19103F-16F7-4668-BE54-9A1E7A4F7556}") = "HT.Domain", "src\Services\HT.Domain\HT.Domain.csproj", "{09E1B1A6-5879-4C12-8D0E-AFA5BA13036B}"
EndProject
Project("{9A19103F-16F7-4668-BE54-9A1E7A4F7556}") = "HT.Infra", "src\Services\HT.Infra\HT.Infra.csproj", "{927AAFA1-681F-4C89-90EB-B587B193FCDC}"
EndProject
Project("{9A19103F-16F7-4668-BE54-9A1E7A4F7556}") = "HT.Application", "src\Services\HT.Application\HT.Application.csproj", "{5E542E9D-523D-49D5-AB70-E76840838BC3}"
EndProject
Project("{2150E333-8FDC-42A3-9474-1A3956D46DE8}") = "test", "test", "{2CC35FD2-A48A-4AD2-935E-92DA5834ABF0}"
EndProject
Project("{2150E333-8FDC-42A3-9474-1A3956D46DE8}") = "Unit", "Unit", "{E5EE1A6C-C0C0-4A41-AC9F-BFB9F85993BE}"
EndProject
Project("{2150E333-8FDC-42A3-9474-1A3956D46DE8}") = "Presenter", "Presenter", "{08C00ECE-C617-4B76-8946-7651C2B4F04D}"
EndProject
Project("{2150E333-8FDC-42A3-9474-1A3956D46DE8}") = "Services", "Services", "{EBDF9222-E416-4DB1-9A1E-B72B138EBECC}"
EndProject
Project("{2150E333-8FDC-42A3-9474-1A3956D46DE8}") = "Hackaton", "Hackaton", "{50900296-CC05-4B44-8A46-92CC98B34765}"
EndProject
Project("{9A19103F-16F7-4668-BE54-9A1E7A4F7556}") = "HT.Domain.Test", "test\Unit\HT.Domain.Test\HT.Domain.Test.csproj", "{21F8F013-B408-4CEA-B900-D14138F85E50}"
EndProject
Project("{9A19103F-16F7-4668-BE54-9A1E7A4F7556}") = "HT.Application.Test", "test\Unit\HT.Application.Test\HT.Application.Test.csproj", "{E3181B45-C2E2-4C8B-A602-47C2FA182528}"
EndProject
Project("{9A19103F-16F7-4668-BE54-9A1E7A4F7556}") = "HT.Infra.Test", "test\Unit\HT.Infra.Test\HT.Infra.Test.csproj", "{BFE0EF0C-D80A-4B45-B783-C389EEB30321}"
EndProject
Project("{2150E333-8FDC-42A3-9474-1A3956D46DE8}") = "Utils", "Utils", "{A6E6BBE3-68CE-4FEB-B682-B461D2B516EE}"
EndProject
Project("{9A19103F-16F7-4668-BE54-9A1E7A4F7556}") = "HT.Test.Utils", "test\Utils\HT.Test.Utils\HT.Test.Utils.csproj", "{209C1131-8F63-4B3D-A6EF-209A4C703217}"
EndProject
Project("{9A19103F-16F7-4668-BE54-9A1E7A4F7556}") = "HT.Infra.Commons", "src\Shared\HT.Infra.Commons\HT.Infra.Commons.csproj", "{9BC780EA-9B93-448B-A6FE-61C5B08AD656}"
EndProject
Project("{9A19103F-16F7-4668-BE54-9A1E7A4F7556}") = "HT.Api.Test", "test\Unit\HT.Api.Test\HT.Api.Test.csproj", "{03ADFF40-9C45-453F-8336-6DE678F8925A}"
EndProject
Global
	GlobalSection(SolutionConfigurationPlatforms) = preSolution
		Debug|Any CPU = Debug|Any CPU
		Release|Any CPU = Release|Any CPU
	EndGlobalSection
	GlobalSection(ProjectConfigurationPlatforms) = postSolution
		{782DB0E3-9CF5-49C8-BA7D-7691C66A647A}.Debug|Any CPU.ActiveCfg = Debug|Any CPU
		{782DB0E3-9CF5-49C8-BA7D-7691C66A647A}.Debug|Any CPU.Build.0 = Debug|Any CPU
		{782DB0E3-9CF5-49C8-BA7D-7691C66A647A}.Release|Any CPU.ActiveCfg = Release|Any CPU
		{782DB0E3-9CF5-49C8-BA7D-7691C66A647A}.Release|Any CPU.Build.0 = Release|Any CPU
		{D603325F-219B-48D5-ACC3-B84EB95F4AA5}.Debug|Any CPU.ActiveCfg = Debug|Any CPU
		{D603325F-219B-48D5-ACC3-B84EB95F4AA5}.Debug|Any CPU.Build.0 = Debug|Any CPU
		{D603325F-219B-48D5-ACC3-B84EB95F4AA5}.Release|Any CPU.ActiveCfg = Release|Any CPU
		{D603325F-219B-48D5-ACC3-B84EB95F4AA5}.Release|Any CPU.Build.0 = Release|Any CPU
		{05FE6C41-B137-4FF0-8E20-9F5970757F33}.Debug|Any CPU.ActiveCfg = Debug|Any CPU
		{05FE6C41-B137-4FF0-8E20-9F5970757F33}.Debug|Any CPU.Build.0 = Debug|Any CPU
		{05FE6C41-B137-4FF0-8E20-9F5970757F33}.Release|Any CPU.ActiveCfg = Release|Any CPU
		{05FE6C41-B137-4FF0-8E20-9F5970757F33}.Release|Any CPU.Build.0 = Release|Any CPU
		{09E1B1A6-5879-4C12-8D0E-AFA5BA13036B}.Debug|Any CPU.ActiveCfg = Debug|Any CPU
		{09E1B1A6-5879-4C12-8D0E-AFA5BA13036B}.Debug|Any CPU.Build.0 = Debug|Any CPU
		{09E1B1A6-5879-4C12-8D0E-AFA5BA13036B}.Release|Any CPU.ActiveCfg = Release|Any CPU
		{09E1B1A6-5879-4C12-8D0E-AFA5BA13036B}.Release|Any CPU.Build.0 = Release|Any CPU
		{927AAFA1-681F-4C89-90EB-B587B193FCDC}.Debug|Any CPU.ActiveCfg = Debug|Any CPU
		{927AAFA1-681F-4C89-90EB-B587B193FCDC}.Debug|Any CPU.Build.0 = Debug|Any CPU
		{927AAFA1-681F-4C89-90EB-B587B193FCDC}.Release|Any CPU.ActiveCfg = Release|Any CPU
		{927AAFA1-681F-4C89-90EB-B587B193FCDC}.Release|Any CPU.Build.0 = Release|Any CPU
		{5E542E9D-523D-49D5-AB70-E76840838BC3}.Debug|Any CPU.ActiveCfg = Debug|Any CPU
		{5E542E9D-523D-49D5-AB70-E76840838BC3}.Debug|Any CPU.Build.0 = Debug|Any CPU
		{5E542E9D-523D-49D5-AB70-E76840838BC3}.Release|Any CPU.ActiveCfg = Release|Any CPU
		{5E542E9D-523D-49D5-AB70-E76840838BC3}.Release|Any CPU.Build.0 = Release|Any CPU
		{21F8F013-B408-4CEA-B900-D14138F85E50}.Debug|Any CPU.ActiveCfg = Debug|Any CPU
		{21F8F013-B408-4CEA-B900-D14138F85E50}.Debug|Any CPU.Build.0 = Debug|Any CPU
		{21F8F013-B408-4CEA-B900-D14138F85E50}.Release|Any CPU.ActiveCfg = Release|Any CPU
		{21F8F013-B408-4CEA-B900-D14138F85E50}.Release|Any CPU.Build.0 = Release|Any CPU
		{E3181B45-C2E2-4C8B-A602-47C2FA182528}.Debug|Any CPU.ActiveCfg = Debug|Any CPU
		{E3181B45-C2E2-4C8B-A602-47C2FA182528}.Debug|Any CPU.Build.0 = Debug|Any CPU
		{E3181B45-C2E2-4C8B-A602-47C2FA182528}.Release|Any CPU.ActiveCfg = Release|Any CPU
		{E3181B45-C2E2-4C8B-A602-47C2FA182528}.Release|Any CPU.Build.0 = Release|Any CPU
		{BFE0EF0C-D80A-4B45-B783-C389EEB30321}.Debug|Any CPU.ActiveCfg = Debug|Any CPU
		{BFE0EF0C-D80A-4B45-B783-C389EEB30321}.Debug|Any CPU.Build.0 = Debug|Any CPU
		{BFE0EF0C-D80A-4B45-B783-C389EEB30321}.Release|Any CPU.ActiveCfg = Release|Any CPU
		{BFE0EF0C-D80A-4B45-B783-C389EEB30321}.Release|Any CPU.Build.0 = Release|Any CPU
		{209C1131-8F63-4B3D-A6EF-209A4C703217}.Debug|Any CPU.ActiveCfg = Debug|Any CPU
		{209C1131-8F63-4B3D-A6EF-209A4C703217}.Debug|Any CPU.Build.0 = Debug|Any CPU
		{209C1131-8F63-4B3D-A6EF-209A4C703217}.Release|Any CPU.ActiveCfg = Release|Any CPU
		{209C1131-8F63-4B3D-A6EF-209A4C703217}.Release|Any CPU.Build.0 = Release|Any CPU
		{9BC780EA-9B93-448B-A6FE-61C5B08AD656}.Debug|Any CPU.ActiveCfg = Debug|Any CPU
		{9BC780EA-9B93-448B-A6FE-61C5B08AD656}.Debug|Any CPU.Build.0 = Debug|Any CPU
		{9BC780EA-9B93-448B-A6FE-61C5B08AD656}.Release|Any CPU.ActiveCfg = Release|Any CPU
		{9BC780EA-9B93-448B-A6FE-61C5B08AD656}.Release|Any CPU.Build.0 = Release|Any CPU
		{03ADFF40-9C45-453F-8336-6DE678F8925A}.Debug|Any CPU.ActiveCfg = Debug|Any CPU
		{03ADFF40-9C45-453F-8336-6DE678F8925A}.Debug|Any CPU.Build.0 = Debug|Any CPU
		{03ADFF40-9C45-453F-8336-6DE678F8925A}.Release|Any CPU.ActiveCfg = Release|Any CPU
		{03ADFF40-9C45-453F-8336-6DE678F8925A}.Release|Any CPU.Build.0 = Release|Any CPU
	EndGlobalSection
	GlobalSection(SolutionProperties) = preSolution
		HideSolutionNode = FALSE
	EndGlobalSection
	GlobalSection(NestedProjects) = preSolution
		{09084241-ABFC-4AB6-933A-78E86D840DF2} = {13ABF460-2024-4387-89C6-9DCE83BF78A6}
		{467485EE-5951-4388-BE28-C9A08A150FE8} = {1F253C40-620E-47A6-A85E-0F7EC1D33D3B}
		{B790782A-FF16-4B8A-9993-23CC03C96503} = {1F253C40-620E-47A6-A85E-0F7EC1D33D3B}
		{ADA9D63D-AF53-4AAD-9A3C-49C95B373A36} = {1F253C40-620E-47A6-A85E-0F7EC1D33D3B}
		{B362D413-4175-4F96-BFA0-E4B072965787} = {B790782A-FF16-4B8A-9993-23CC03C96503}
		{782DB0E3-9CF5-49C8-BA7D-7691C66A647A} = {ADA9D63D-AF53-4AAD-9A3C-49C95B373A36}
		{D603325F-219B-48D5-ACC3-B84EB95F4AA5} = {ADA9D63D-AF53-4AAD-9A3C-49C95B373A36}
		{05FE6C41-B137-4FF0-8E20-9F5970757F33} = {467485EE-5951-4388-BE28-C9A08A150FE8}
		{09E1B1A6-5879-4C12-8D0E-AFA5BA13036B} = {B362D413-4175-4F96-BFA0-E4B072965787}
		{927AAFA1-681F-4C89-90EB-B587B193FCDC} = {B362D413-4175-4F96-BFA0-E4B072965787}
		{5E542E9D-523D-49D5-AB70-E76840838BC3} = {B362D413-4175-4F96-BFA0-E4B072965787}
		{E5EE1A6C-C0C0-4A41-AC9F-BFB9F85993BE} = {2CC35FD2-A48A-4AD2-935E-92DA5834ABF0}
		{08C00ECE-C617-4B76-8946-7651C2B4F04D} = {E5EE1A6C-C0C0-4A41-AC9F-BFB9F85993BE}
		{EBDF9222-E416-4DB1-9A1E-B72B138EBECC} = {E5EE1A6C-C0C0-4A41-AC9F-BFB9F85993BE}
		{50900296-CC05-4B44-8A46-92CC98B34765} = {EBDF9222-E416-4DB1-9A1E-B72B138EBECC}
		{21F8F013-B408-4CEA-B900-D14138F85E50} = {50900296-CC05-4B44-8A46-92CC98B34765}
		{E3181B45-C2E2-4C8B-A602-47C2FA182528} = {50900296-CC05-4B44-8A46-92CC98B34765}
		{BFE0EF0C-D80A-4B45-B783-C389EEB30321} = {50900296-CC05-4B44-8A46-92CC98B34765}
		{A6E6BBE3-68CE-4FEB-B682-B461D2B516EE} = {2CC35FD2-A48A-4AD2-935E-92DA5834ABF0}
		{209C1131-8F63-4B3D-A6EF-209A4C703217} = {A6E6BBE3-68CE-4FEB-B682-B461D2B516EE}
		{9BC780EA-9B93-448B-A6FE-61C5B08AD656} = {ADA9D63D-AF53-4AAD-9A3C-49C95B373A36}
		{03ADFF40-9C45-453F-8336-6DE678F8925A} = {08C00ECE-C617-4B76-8946-7651C2B4F04D}
	EndGlobalSection
	GlobalSection(ExtensibilityGlobals) = postSolution
		SolutionGuid = {4EF48A17-2E1D-4950-95B3-8C7206DD4E91}
	EndGlobalSection
EndGlobal
