
Microsoft Visual Studio Solution File, Format Version 12.00
# Visual Studio Version 17
VisualStudioVersion = 17.8.34330.188
MinimumVisualStudioVersion = 10.0.40219.1
Project("{2150E333-8FDC-42A3-9474-1A3956D46DE8}") = "src", "src", "{1F253C40-620E-47A6-A85E-0F7EC1D33D3B}"
EndProject
Project("{2150E333-8FDC-42A3-9474-1A3956D46DE8}") = "deploy", "deploy", "{13ABF460-2024-4387-89C6-9DCE83BF78A6}"
EndProject
Project("{2150E333-8FDC-42A3-9474-1A3956D46DE8}") = "docker", "docker", "{09084241-ABFC-4AB6-933A-78E86D840DF2}"
	ProjectSection(SolutionItems) = preProject
		docker-compose-local.yml = docker-compose-local.yml
	EndProjectSection
EndProject
Project("{2150E333-8FDC-42A3-9474-1A3956D46DE8}") = "Presenter", "Presenter", "{467485EE-5951-4388-BE28-C9A08A150FE8}"
EndProject
Project("{2150E333-8FDC-42A3-9474-1A3956D46DE8}") = "Services", "Services", "{B790782A-FF16-4B8A-9993-23CC03C96503}"
EndProject
Project("{2150E333-8FDC-42A3-9474-1A3956D46DE8}") = "Commons", "Commons", "{ADA9D63D-AF53-4AAD-9A3C-49C95B373A36}"
EndProject
Project("{2150E333-8FDC-42A3-9474-1A3956D46DE8}") = "Pacientes", "Pacientes", "{B362D413-4175-4F96-BFA0-E4B072965787}"
EndProject
Project("{9A19103F-16F7-4668-BE54-9A1E7A4F7556}") = "HT.Core.Commons", "src\Shared\HT.Core.Commons\HT.Core.Commons.csproj", "{782DB0E3-9CF5-49C8-BA7D-7691C66A647A}"
EndProject
Project("{9A19103F-16F7-4668-BE54-9A1E7A4F7556}") = "HT.WebApi.Commons", "src\Shared\HT.WebApi.Commons\HT.WebApi.Commons.csproj", "{D603325F-219B-48D5-ACC3-B84EB95F4AA5}"
EndProject
Project("{9A19103F-16F7-4668-BE54-9A1E7A4F7556}") = "HT.Api", "src\Presentation\HT.Api\HT.Api.csproj", "{05FE6C41-B137-4FF0-8E20-9F5970757F33}"
EndProject
Project("{9A19103F-16F7-4668-BE54-9A1E7A4F7556}") = "HT.Pacientes.Domain", "src\Services\HT.Pacientes.Domain\HT.Pacientes.Domain.csproj", "{09E1B1A6-5879-4C12-8D0E-AFA5BA13036B}"
EndProject
Project("{9A19103F-16F7-4668-BE54-9A1E7A4F7556}") = "HT.Pacientes.Infra", "src\Services\HT.Pacientes.Infra\HT.Pacientes.Infra.csproj", "{927AAFA1-681F-4C89-90EB-B587B193FCDC}"
EndProject
Project("{9A19103F-16F7-4668-BE54-9A1E7A4F7556}") = "HT.Pacientes.Application", "src\Services\HT.Pacientes.Application\HT.Pacientes.Application.csproj", "{5E542E9D-523D-49D5-AB70-E76840838BC3}"
EndProject
Project("{9A19103F-16F7-4668-BE54-9A1E7A4F7556}") = "HT.Infra.Commons", "src\Shared\HT.Infra.Commons\HT.Infra.Commons.csproj", "{807825CE-FDF9-4BA6-8D4B-5BC22648D672}"
EndProject
Project("{2150E333-8FDC-42A3-9474-1A3956D46DE8}") = "database", "database", "{13BEECA4-7942-4A3A-8F81-41A4D3F73473}"
EndProject
Project("{2150E333-8FDC-42A3-9474-1A3956D46DE8}") = "Consultas", "Consultas", "{EEA955FC-6F27-4EC3-86C5-F5891714EE10}"
EndProject
Project("{2150E333-8FDC-42A3-9474-1A3956D46DE8}") = "Medicos", "Medicos", "{D4DF5939-802B-48E8-A392-6BED33FF3236}"
EndProject
Project("{9A19103F-16F7-4668-BE54-9A1E7A4F7556}") = "HT.Medicos.Application", "src\Services\HT.Medicos.Application\HT.Medicos.Application.csproj", "{6FB96B72-9678-4BF4-9CD4-2C5AD2741781}"
EndProject
Project("{9A19103F-16F7-4668-BE54-9A1E7A4F7556}") = "HT.Medicos.Domain", "src\Services\HT.Medicos.Domain\HT.Medicos.Domain.csproj", "{69CCC54A-247F-4AA0-B969-D489FCEB2259}"
EndProject
Project("{9A19103F-16F7-4668-BE54-9A1E7A4F7556}") = "HT.Medicos.Infra", "src\Services\HT.Medicos.Infra\HT.Medicos.Infra.csproj", "{64A84FCE-D622-43FB-80EC-B6B8E4038C81}"
EndProject
Global
	GlobalSection(SolutionConfigurationPlatforms) = preSolution
		Debug|Any CPU = Debug|Any CPU
		Release|Any CPU = Release|Any CPU
	EndGlobalSection
	GlobalSection(ProjectConfigurationPlatforms) = postSolution
		{782DB0E3-9CF5-49C8-BA7D-7691C66A647A}.Debug|Any CPU.ActiveCfg = Debug|Any CPU
		{782DB0E3-9CF5-49C8-BA7D-7691C66A647A}.Debug|Any CPU.Build.0 = Debug|Any CPU
		{782DB0E3-9CF5-49C8-BA7D-7691C66A647A}.Release|Any CPU.ActiveCfg = Release|Any CPU
		{782DB0E3-9CF5-49C8-BA7D-7691C66A647A}.Release|Any CPU.Build.0 = Release|Any CPU
		{D603325F-219B-48D5-ACC3-B84EB95F4AA5}.Debug|Any CPU.ActiveCfg = Debug|Any CPU
		{D603325F-219B-48D5-ACC3-B84EB95F4AA5}.Debug|Any CPU.Build.0 = Debug|Any CPU
		{D603325F-219B-48D5-ACC3-B84EB95F4AA5}.Release|Any CPU.ActiveCfg = Release|Any CPU
		{D603325F-219B-48D5-ACC3-B84EB95F4AA5}.Release|Any CPU.Build.0 = Release|Any CPU
		{05FE6C41-B137-4FF0-8E20-9F5970757F33}.Debug|Any CPU.ActiveCfg = Debug|Any CPU
		{05FE6C41-B137-4FF0-8E20-9F5970757F33}.Debug|Any CPU.Build.0 = Debug|Any CPU
		{05FE6C41-B137-4FF0-8E20-9F5970757F33}.Release|Any CPU.ActiveCfg = Release|Any CPU
		{05FE6C41-B137-4FF0-8E20-9F5970757F33}.Release|Any CPU.Build.0 = Release|Any CPU
		{09E1B1A6-5879-4C12-8D0E-AFA5BA13036B}.Debug|Any CPU.ActiveCfg = Debug|Any CPU
		{09E1B1A6-5879-4C12-8D0E-AFA5BA13036B}.Debug|Any CPU.Build.0 = Debug|Any CPU
		{09E1B1A6-5879-4C12-8D0E-AFA5BA13036B}.Release|Any CPU.ActiveCfg = Release|Any CPU
		{09E1B1A6-5879-4C12-8D0E-AFA5BA13036B}.Release|Any CPU.Build.0 = Release|Any CPU
		{927AAFA1-681F-4C89-90EB-B587B193FCDC}.Debug|Any CPU.ActiveCfg = Debug|Any CPU
		{927AAFA1-681F-4C89-90EB-B587B193FCDC}.Debug|Any CPU.Build.0 = Debug|Any CPU
		{927AAFA1-681F-4C89-90EB-B587B193FCDC}.Release|Any CPU.ActiveCfg = Release|Any CPU
		{927AAFA1-681F-4C89-90EB-B587B193FCDC}.Release|Any CPU.Build.0 = Release|Any CPU
		{5E542E9D-523D-49D5-AB70-E76840838BC3}.Debug|Any CPU.ActiveCfg = Debug|Any CPU
		{5E542E9D-523D-49D5-AB70-E76840838BC3}.Debug|Any CPU.Build.0 = Debug|Any CPU
		{5E542E9D-523D-49D5-AB70-E76840838BC3}.Release|Any CPU.ActiveCfg = Release|Any CPU
		{5E542E9D-523D-49D5-AB70-E76840838BC3}.Release|Any CPU.Build.0 = Release|Any CPU
		{807825CE-FDF9-4BA6-8D4B-5BC22648D672}.Debug|Any CPU.ActiveCfg = Debug|Any CPU
		{807825CE-FDF9-4BA6-8D4B-5BC22648D672}.Debug|Any CPU.Build.0 = Debug|Any CPU
		{807825CE-FDF9-4BA6-8D4B-5BC22648D672}.Release|Any CPU.ActiveCfg = Release|Any CPU
		{807825CE-FDF9-4BA6-8D4B-5BC22648D672}.Release|Any CPU.Build.0 = Release|Any CPU
		{6FB96B72-9678-4BF4-9CD4-2C5AD2741781}.Debug|Any CPU.ActiveCfg = Debug|Any CPU
		{6FB96B72-9678-4BF4-9CD4-2C5AD2741781}.Debug|Any CPU.Build.0 = Debug|Any CPU
		{6FB96B72-9678-4BF4-9CD4-2C5AD2741781}.Release|Any CPU.ActiveCfg = Release|Any CPU
		{6FB96B72-9678-4BF4-9CD4-2C5AD2741781}.Release|Any CPU.Build.0 = Release|Any CPU
		{69CCC54A-247F-4AA0-B969-D489FCEB2259}.Debug|Any CPU.ActiveCfg = Debug|Any CPU
		{69CCC54A-247F-4AA0-B969-D489FCEB2259}.Debug|Any CPU.Build.0 = Debug|Any CPU
		{69CCC54A-247F-4AA0-B969-D489FCEB2259}.Release|Any CPU.ActiveCfg = Release|Any CPU
		{69CCC54A-247F-4AA0-B969-D489FCEB2259}.Release|Any CPU.Build.0 = Release|Any CPU
		{64A84FCE-D622-43FB-80EC-B6B8E4038C81}.Debug|Any CPU.ActiveCfg = Debug|Any CPU
		{64A84FCE-D622-43FB-80EC-B6B8E4038C81}.Debug|Any CPU.Build.0 = Debug|Any CPU
		{64A84FCE-D622-43FB-80EC-B6B8E4038C81}.Release|Any CPU.ActiveCfg = Release|Any CPU
		{64A84FCE-D622-43FB-80EC-B6B8E4038C81}.Release|Any CPU.Build.0 = Release|Any CPU
	EndGlobalSection
	GlobalSection(SolutionProperties) = preSolution
		HideSolutionNode = FALSE
	EndGlobalSection
	GlobalSection(NestedProjects) = preSolution
		{09084241-ABFC-4AB6-933A-78E86D840DF2} = {13ABF460-2024-4387-89C6-9DCE83BF78A6}
		{467485EE-5951-4388-BE28-C9A08A150FE8} = {1F253C40-620E-47A6-A85E-0F7EC1D33D3B}
		{B790782A-FF16-4B8A-9993-23CC03C96503} = {1F253C40-620E-47A6-A85E-0F7EC1D33D3B}
		{ADA9D63D-AF53-4AAD-9A3C-49C95B373A36} = {1F253C40-620E-47A6-A85E-0F7EC1D33D3B}
		{B362D413-4175-4F96-BFA0-E4B072965787} = {B790782A-FF16-4B8A-9993-23CC03C96503}
		{782DB0E3-9CF5-49C8-BA7D-7691C66A647A} = {ADA9D63D-AF53-4AAD-9A3C-49C95B373A36}
		{D603325F-219B-48D5-ACC3-B84EB95F4AA5} = {ADA9D63D-AF53-4AAD-9A3C-49C95B373A36}
		{05FE6C41-B137-4FF0-8E20-9F5970757F33} = {467485EE-5951-4388-BE28-C9A08A150FE8}
		{09E1B1A6-5879-4C12-8D0E-AFA5BA13036B} = {B362D413-4175-4F96-BFA0-E4B072965787}
		{927AAFA1-681F-4C89-90EB-B587B193FCDC} = {B362D413-4175-4F96-BFA0-E4B072965787}
		{5E542E9D-523D-49D5-AB70-E76840838BC3} = {B362D413-4175-4F96-BFA0-E4B072965787}
		{807825CE-FDF9-4BA6-8D4B-5BC22648D672} = {ADA9D63D-AF53-4AAD-9A3C-49C95B373A36}
		{13BEECA4-7942-4A3A-8F81-41A4D3F73473} = {13ABF460-2024-4387-89C6-9DCE83BF78A6}
		{EEA955FC-6F27-4EC3-86C5-F5891714EE10} = {B790782A-FF16-4B8A-9993-23CC03C96503}
		{D4DF5939-802B-48E8-A392-6BED33FF3236} = {B790782A-FF16-4B8A-9993-23CC03C96503}
		{6FB96B72-9678-4BF4-9CD4-2C5AD2741781} = {D4DF5939-802B-48E8-A392-6BED33FF3236}
		{69CCC54A-247F-4AA0-B969-D489FCEB2259} = {D4DF5939-802B-48E8-A392-6BED33FF3236}
		{64A84FCE-D622-43FB-80EC-B6B8E4038C81} = {D4DF5939-802B-48E8-A392-6BED33FF3236}
	EndGlobalSection
	GlobalSection(ExtensibilityGlobals) = postSolution
		SolutionGuid = {4EF48A17-2E1D-4950-95B3-8C7206DD4E91}
	EndGlobalSection
EndGlobal
